// !$*UTF8*$!
{
	archiveVersion = 1;
	classes = {
	};
	objectVersion = 77;
	objects = {

/* Begin PBXBuildFile section */
		5F8672682F3E08A80039BB09 /* AppDelegate.swift in Sources */ = {isa = PBXBuildFile; fileRef = 5F8672622F3E08A80039BB09 /* AppDelegate.swift */; };
		5F8672692F3E08A80039BB09 /* SceneDelegate.swift in Sources */ = {isa = PBXBuildFile; fileRef = 5F8672662F3E08A80039BB09 /* SceneDelegate.swift */; };
		5F86726A2F3E08A80039BB09 /* Assets.xcassets in Resources */ = {isa = PBXBuildFile; fileRef = 5F8672632F3E08A80039BB09 /* Assets.xcassets */; };
		5F86726C2F3E08A80039BB09 /* LaunchScreen.storyboard in Resources */ = {isa = PBXBuildFile; fileRef = 5F8672652F3E08A80039BB09 /* LaunchScreen.storyboard */; };
		5F86727A2F3E0F660039BB09 /* TodoModel.xcdatamodeld in Sources */ = {isa = PBXBuildFile; fileRef = 5F8672782F3E0F660039BB09 /* TodoModel.xcdatamodeld */; };
		5F86727C2F3E0FCD0039BB09 /* CoreDataStack.swift in Sources */ = {isa = PBXBuildFile; fileRef = 5F86727B2F3E0FCD0039BB09 /* CoreDataStack.swift */; };
		5F8672802F3E16310039BB09 /* Todo.swift in Sources */ = {isa = PBXBuildFile; fileRef = 5F86727F2F3E16300039BB09 /* Todo.swift */; };
		5F8672822F3E164C0039BB09 /* TodoDTO.swift in Sources */ = {isa = PBXBuildFile; fileRef = 5F8672812F3E164C0039BB09 /* TodoDTO.swift */; };
		5F8672842F3E17170039BB09 /* TodoMapper.swift in Sources */ = {isa = PBXBuildFile; fileRef = 5F8672832F3E17170039BB09 /* TodoMapper.swift */; };
		5F8672862F3E1D780039BB09 /* NetworkServiceProtocol.swift in Sources */ = {isa = PBXBuildFile; fileRef = 5F8672852F3E1D780039BB09 /* NetworkServiceProtocol.swift */; };
		5F8672882F3E1D9B0039BB09 /* NetworkService.swift in Sources */ = {isa = PBXBuildFile; fileRef = 5F8672872F3E1D9B0039BB09 /* NetworkService.swift */; };
		5F86728A2F3E21C20039BB09 /* TodoRepositoryProtocol.swift in Sources */ = {isa = PBXBuildFile; fileRef = 5F8672892F3E21C20039BB09 /* TodoRepositoryProtocol.swift */; };
		5F86728C2F3E23D30039BB09 /* TodoRepository.swift in Sources */ = {isa = PBXBuildFile; fileRef = 5F86728B2F3E23D30039BB09 /* TodoRepository.swift */; };
		814C938B2F3EA4AA00C032FE /* TodoListViewController.swift in Sources */ = {isa = PBXBuildFile; fileRef = 814C938A2F3EA4AA00C032FE /* TodoListViewController.swift */; };
		814C938D2F3EA4CE00C032FE /* TodoListProtocols.swift in Sources */ = {isa = PBXBuildFile; fileRef = 814C938C2F3EA4CE00C032FE /* TodoListProtocols.swift */; };
		814C938F2F3EA4DF00C032FE /* TodoListModuleBuilder.swift in Sources */ = {isa = PBXBuildFile; fileRef = 814C938E2F3EA4DF00C032FE /* TodoListModuleBuilder.swift */; };
		814C93942F3EA53500C032FE /* TodoListPresenter.swift in Sources */ = {isa = PBXBuildFile; fileRef = 814C93932F3EA53500C032FE /* TodoListPresenter.swift */; };
		814C93962F3EA54500C032FE /* TodoListInteractor.swift in Sources */ = {isa = PBXBuildFile; fileRef = 814C93952F3EA54500C032FE /* TodoListInteractor.swift */; };
		814C93982F3EA55200C032FE /* TodoListRouter.swift in Sources */ = {isa = PBXBuildFile; fileRef = 814C93972F3EA55200C032FE /* TodoListRouter.swift */; };
		814C939A2F3F5B2200C032FE /* TodoCell.swift in Sources */ = {isa = PBXBuildFile; fileRef = 814C93992F3F5B2200C032FE /* TodoCell.swift */; };
		814C93A12F3F72C700C032FE /* TodoDetailsProtocols.swift in Sources */ = {isa = PBXBuildFile; fileRef = 814C93A02F3F72C700C032FE /* TodoDetailsProtocols.swift */; };
		814C93A32F3F72F300C032FE /* TodoDetailsModuleBuilder.swift in Sources */ = {isa = PBXBuildFile; fileRef = 814C93A22F3F72F300C032FE /* TodoDetailsModuleBuilder.swift */; };
		814C93A52F3F730800C032FE /* TodoDetailsInteractor.swift in Sources */ = {isa = PBXBuildFile; fileRef = 814C93A42F3F730800C032FE /* TodoDetailsInteractor.swift */; };
		814C93A72F3F731A00C032FE /* TodoDetailsPresenter.swift in Sources */ = {isa = PBXBuildFile; fileRef = 814C93A62F3F731A00C032FE /* TodoDetailsPresenter.swift */; };
		816AEDC62F3F7D9300C9FFAB /* TodoDetailsViewController.swift in Sources */ = {isa = PBXBuildFile; fileRef = 816AEDC52F3F7D9300C9FFAB /* TodoDetailsViewController.swift */; };
		816AEDC82F3F80DA00C9FFAB /* TodoDetailsRouter.swift in Sources */ = {isa = PBXBuildFile; fileRef = 816AEDC72F3F80DA00C9FFAB /* TodoDetailsRouter.swift */; };
/* End PBXBuildFile section */

/* Begin PBXContainerItemProxy section */
		815AB40A2F40D75100BAF3FB /* PBXContainerItemProxy */ = {
			isa = PBXContainerItemProxy;
			containerPortal = 5F8672412F3DEB0F0039BB09 /* Project object */;
			proxyType = 1;
			remoteGlobalIDString = 5F8672482F3DEB0F0039BB09;
			remoteInfo = EffectiveMobile_TodoList;
		};
/* End PBXContainerItemProxy section */

/* Begin PBXFileReference section */
		5F8672492F3DEB0F0039BB09 /* EffectiveMobile_TodoList.app */ = {isa = PBXFileReference; explicitFileType = wrapper.application; includeInIndex = 0; path = EffectiveMobile_TodoList.app; sourceTree = BUILT_PRODUCTS_DIR; };
		5F8672622F3E08A80039BB09 /* AppDelegate.swift */ = {isa = PBXFileReference; lastKnownFileType = sourcecode.swift; path = AppDelegate.swift; sourceTree = "<group>"; };
		5F8672632F3E08A80039BB09 /* Assets.xcassets */ = {isa = PBXFileReference; lastKnownFileType = folder.assetcatalog; path = Assets.xcassets; sourceTree = "<group>"; };
		5F8672642F3E08A80039BB09 /* Info.plist */ = {isa = PBXFileReference; lastKnownFileType = text.plist.xml; path = Info.plist; sourceTree = "<group>"; };
		5F8672662F3E08A80039BB09 /* SceneDelegate.swift */ = {isa = PBXFileReference; lastKnownFileType = sourcecode.swift; path = SceneDelegate.swift; sourceTree = "<group>"; };
		5F8672672F3E08A80039BB09 /* Base */ = {isa = PBXFileReference; lastKnownFileType = file.storyboard; name = Base; path = Base.lproj/LaunchScreen.storyboard; sourceTree = "<group>"; };
		5F8672792F3E0F660039BB09 /* TodoModel.xcdatamodel */ = {isa = PBXFileReference; lastKnownFileType = wrapper.xcdatamodel; path = TodoModel.xcdatamodel; sourceTree = "<group>"; };
		5F86727B2F3E0FCD0039BB09 /* CoreDataStack.swift */ = {isa = PBXFileReference; lastKnownFileType = sourcecode.swift; path = CoreDataStack.swift; sourceTree = "<group>"; };
		5F86727F2F3E16300039BB09 /* Todo.swift */ = {isa = PBXFileReference; lastKnownFileType = sourcecode.swift; path = Todo.swift; sourceTree = "<group>"; };
		5F8672812F3E164C0039BB09 /* TodoDTO.swift */ = {isa = PBXFileReference; lastKnownFileType = sourcecode.swift; path = TodoDTO.swift; sourceTree = "<group>"; };
		5F8672832F3E17170039BB09 /* TodoMapper.swift */ = {isa = PBXFileReference; lastKnownFileType = sourcecode.swift; path = TodoMapper.swift; sourceTree = "<group>"; };
		5F8672852F3E1D780039BB09 /* NetworkServiceProtocol.swift */ = {isa = PBXFileReference; lastKnownFileType = sourcecode.swift; path = NetworkServiceProtocol.swift; sourceTree = "<group>"; };
		5F8672872F3E1D9B0039BB09 /* NetworkService.swift */ = {isa = PBXFileReference; lastKnownFileType = sourcecode.swift; path = NetworkService.swift; sourceTree = "<group>"; };
		5F8672892F3E21C20039BB09 /* TodoRepositoryProtocol.swift */ = {isa = PBXFileReference; lastKnownFileType = sourcecode.swift; path = TodoRepositoryProtocol.swift; sourceTree = "<group>"; };
		5F86728B2F3E23D30039BB09 /* TodoRepository.swift */ = {isa = PBXFileReference; lastKnownFileType = sourcecode.swift; path = TodoRepository.swift; sourceTree = "<group>"; };
		814C938A2F3EA4AA00C032FE /* TodoListViewController.swift */ = {isa = PBXFileReference; lastKnownFileType = sourcecode.swift; path = TodoListViewController.swift; sourceTree = "<group>"; };
		814C938C2F3EA4CE00C032FE /* TodoListProtocols.swift */ = {isa = PBXFileReference; lastKnownFileType = sourcecode.swift; path = TodoListProtocols.swift; sourceTree = "<group>"; };
		814C938E2F3EA4DF00C032FE /* TodoListModuleBuilder.swift */ = {isa = PBXFileReference; lastKnownFileType = sourcecode.swift; path = TodoListModuleBuilder.swift; sourceTree = "<group>"; };
		814C93932F3EA53500C032FE /* TodoListPresenter.swift */ = {isa = PBXFileReference; lastKnownFileType = sourcecode.swift; path = TodoListPresenter.swift; sourceTree = "<group>"; };
		814C93952F3EA54500C032FE /* TodoListInteractor.swift */ = {isa = PBXFileReference; lastKnownFileType = sourcecode.swift; path = TodoListInteractor.swift; sourceTree = "<group>"; };
		814C93972F3EA55200C032FE /* TodoListRouter.swift */ = {isa = PBXFileReference; lastKnownFileType = sourcecode.swift; path = TodoListRouter.swift; sourceTree = "<group>"; };
		814C93992F3F5B2200C032FE /* TodoCell.swift */ = {isa = PBXFileReference; lastKnownFileType = sourcecode.swift; path = TodoCell.swift; sourceTree = "<group>"; };
		814C93A02F3F72C700C032FE /* TodoDetailsProtocols.swift */ = {isa = PBXFileReference; lastKnownFileType = sourcecode.swift; path = TodoDetailsProtocols.swift; sourceTree = "<group>"; };
		814C93A22F3F72F300C032FE /* TodoDetailsModuleBuilder.swift */ = {isa = PBXFileReference; lastKnownFileType = sourcecode.swift; path = TodoDetailsModuleBuilder.swift; sourceTree = "<group>"; };
		814C93A42F3F730800C032FE /* TodoDetailsInteractor.swift */ = {isa = PBXFileReference; lastKnownFileType = sourcecode.swift; path = TodoDetailsInteractor.swift; sourceTree = "<group>"; };
		814C93A62F3F731A00C032FE /* TodoDetailsPresenter.swift */ = {isa = PBXFileReference; lastKnownFileType = sourcecode.swift; path = TodoDetailsPresenter.swift; sourceTree = "<group>"; };
		815AB4062F40D75100BAF3FB /* EffectiveMobile_TodoListTests.xctest */ = {isa = PBXFileReference; explicitFileType = wrapper.cfbundle; includeInIndex = 0; path = EffectiveMobile_TodoListTests.xctest; sourceTree = BUILT_PRODUCTS_DIR; };
		816AEDC52F3F7D9300C9FFAB /* TodoDetailsViewController.swift */ = {isa = PBXFileReference; lastKnownFileType = sourcecode.swift; path = TodoDetailsViewController.swift; sourceTree = "<group>"; };
		816AEDC72F3F80DA00C9FFAB /* TodoDetailsRouter.swift */ = {isa = PBXFileReference; lastKnownFileType = sourcecode.swift; path = TodoDetailsRouter.swift; sourceTree = "<group>"; };
/* End PBXFileReference section */

/* Begin PBXFileSystemSynchronizedRootGroup section */
		815AB4072F40D75100BAF3FB /* EffectiveMobile_TodoListTests */ = {
			isa = PBXFileSystemSynchronizedRootGroup;
			path = EffectiveMobile_TodoListTests;
			sourceTree = "<group>";
		};
/* End PBXFileSystemSynchronizedRootGroup section */

/* Begin PBXFrameworksBuildPhase section */
		5F8672462F3DEB0F0039BB09 /* Frameworks */ = {
			isa = PBXFrameworksBuildPhase;
			buildActionMask = 2147483647;
			files = (
			);
			runOnlyForDeploymentPostprocessing = 0;
		};
		815AB4032F40D75100BAF3FB /* Frameworks */ = {
			isa = PBXFrameworksBuildPhase;
			buildActionMask = 2147483647;
			files = (
			);
			runOnlyForDeploymentPostprocessing = 0;
		};
/* End PBXFrameworksBuildPhase section */

/* Begin PBXGroup section */
		5F8672402F3DEB0F0039BB09 = {
			isa = PBXGroup;
			children = (
				5F86726D2F3E0A750039BB09 /* App */,
				5F86726E2F3E0A8D0039BB09 /* Core */,
				5F86726F2F3E0A9D0039BB09 /* Entities */,
				5F8672702F3E0AA50039BB09 /* Features */,
				5F8672712F3E0AAE0039BB09 /* Resources */,
				5F86724A2F3DEB0F0039BB09 /* Products */,
				815AB4072F40D75100BAF3FB /* EffectiveMobile_TodoListTests */,
			);
			sourceTree = "<group>";
		};
		5F86724A2F3DEB0F0039BB09 /* Products */ = {
			isa = PBXGroup;
			children = (
				5F8672492F3DEB0F0039BB09 /* EffectiveMobile_TodoList.app */,
				815AB4062F40D75100BAF3FB /* EffectiveMobile_TodoListTests.xctest */,
			);
			name = Products;
			sourceTree = "<group>";
		};
		5F86726D2F3E0A750039BB09 /* App */ = {
			isa = PBXGroup;
			children = (
				5F8672622F3E08A80039BB09 /* AppDelegate.swift */,
				5F8672662F3E08A80039BB09 /* SceneDelegate.swift */,
				5F8672722F3E0AEA0039BB09 /* DI */,
			);
			path = App;
			sourceTree = "<group>";
		};
		5F86726E2F3E0A8D0039BB09 /* Core */ = {
			isa = PBXGroup;
			children = (
				5F8672762F3E0B160039BB09 /* Utils */,
				5F8672752F3E0B0F0039BB09 /* Repository */,
				5F8672742F3E0B070039BB09 /* Persistence */,
				5F8672732F3E0B000039BB09 /* Network */,
			);
			path = Core;
			sourceTree = "<group>";
		};
		5F86726F2F3E0A9D0039BB09 /* Entities */ = {
			isa = PBXGroup;
			children = (
				5F86727F2F3E16300039BB09 /* Todo.swift */,
				5F8672812F3E164C0039BB09 /* TodoDTO.swift */,
			);
			path = Entities;
			sourceTree = "<group>";
		};
		5F8672702F3E0AA50039BB09 /* Features */ = {
			isa = PBXGroup;
			children = (
				814C939B2F3F711B00C032FE /* TodoDetails */,
				5F8672772F3E0B270039BB09 /* TodoList */,
			);
			path = Features;
			sourceTree = "<group>";
		};
		5F8672712F3E0AAE0039BB09 /* Resources */ = {
			isa = PBXGroup;
			children = (
				5F8672632F3E08A80039BB09 /* Assets.xcassets */,
				5F8672642F3E08A80039BB09 /* Info.plist */,
				5F8672652F3E08A80039BB09 /* LaunchScreen.storyboard */,
			);
			path = Resources;
			sourceTree = "<group>";
		};
		5F8672722F3E0AEA0039BB09 /* DI */ = {
			isa = PBXGroup;
			children = (
			);
			path = DI;
			sourceTree = "<group>";
		};
		5F8672732F3E0B000039BB09 /* Network */ = {
			isa = PBXGroup;
			children = (
				5F8672852F3E1D780039BB09 /* NetworkServiceProtocol.swift */,
				5F8672872F3E1D9B0039BB09 /* NetworkService.swift */,
			);
			path = Network;
			sourceTree = "<group>";
		};
		5F8672742F3E0B070039BB09 /* Persistence */ = {
			isa = PBXGroup;
			children = (
				5F8672782F3E0F660039BB09 /* TodoModel.xcdatamodeld */,
				5F86727B2F3E0FCD0039BB09 /* CoreDataStack.swift */,
			);
			path = Persistence;
			sourceTree = "<group>";
		};
		5F8672752F3E0B0F0039BB09 /* Repository */ = {
			isa = PBXGroup;
			children = (
				5F8672832F3E17170039BB09 /* TodoMapper.swift */,
				5F8672892F3E21C20039BB09 /* TodoRepositoryProtocol.swift */,
				5F86728B2F3E23D30039BB09 /* TodoRepository.swift */,
			);
			path = Repository;
			sourceTree = "<group>";
		};
		5F8672762F3E0B160039BB09 /* Utils */ = {
			isa = PBXGroup;
			children = (
			);
			path = Utils;
			sourceTree = "<group>";
		};
		5F8672772F3E0B270039BB09 /* TodoList */ = {
			isa = PBXGroup;
			children = (
				814C93922F3EA51B00C032FE /* Router */,
				814C93912F3EA51200C032FE /* Interactor */,
				814C93902F3EA50A00C032FE /* Presenter */,
				814C93892F3EA49200C032FE /* View */,
				814C938C2F3EA4CE00C032FE /* TodoListProtocols.swift */,
				814C938E2F3EA4DF00C032FE /* TodoListModuleBuilder.swift */,
			);
			path = TodoList;
			sourceTree = "<group>";
		};
		814C93892F3EA49200C032FE /* View */ = {
			isa = PBXGroup;
			children = (
				814C938A2F3EA4AA00C032FE /* TodoListViewController.swift */,
				814C93992F3F5B2200C032FE /* TodoCell.swift */,
			);
			path = View;
			sourceTree = "<group>";
		};
		814C93902F3EA50A00C032FE /* Presenter */ = {
			isa = PBXGroup;
			children = (
				814C93932F3EA53500C032FE /* TodoListPresenter.swift */,
			);
			path = Presenter;
			sourceTree = "<group>";
		};
		814C93912F3EA51200C032FE /* Interactor */ = {
			isa = PBXGroup;
			children = (
				814C93952F3EA54500C032FE /* TodoListInteractor.swift */,
			);
			path = Interactor;
			sourceTree = "<group>";
		};
		814C93922F3EA51B00C032FE /* Router */ = {
			isa = PBXGroup;
			children = (
				814C93972F3EA55200C032FE /* TodoListRouter.swift */,
			);
			path = Router;
			sourceTree = "<group>";
		};
		814C939B2F3F711B00C032FE /* TodoDetails */ = {
			isa = PBXGroup;
			children = (
				814C939F2F3F714D00C032FE /* Router */,
				814C939E2F3F714500C032FE /* Interactor */,
				814C939D2F3F713900C032FE /* Presenter */,
				814C939C2F3F712800C032FE /* View */,
				814C93A02F3F72C700C032FE /* TodoDetailsProtocols.swift */,
				814C93A22F3F72F300C032FE /* TodoDetailsModuleBuilder.swift */,
			);
			path = TodoDetails;
			sourceTree = "<group>";
		};
		814C939C2F3F712800C032FE /* View */ = {
			isa = PBXGroup;
			children = (
				816AEDC52F3F7D9300C9FFAB /* TodoDetailsViewController.swift */,
			);
			path = View;
			sourceTree = "<group>";
		};
		814C939D2F3F713900C032FE /* Presenter */ = {
			isa = PBXGroup;
			children = (
				814C93A62F3F731A00C032FE /* TodoDetailsPresenter.swift */,
			);
			path = Presenter;
			sourceTree = "<group>";
		};
		814C939E2F3F714500C032FE /* Interactor */ = {
			isa = PBXGroup;
			children = (
				814C93A42F3F730800C032FE /* TodoDetailsInteractor.swift */,
			);
			path = Interactor;
			sourceTree = "<group>";
		};
		814C939F2F3F714D00C032FE /* Router */ = {
			isa = PBXGroup;
			children = (
				816AEDC72F3F80DA00C9FFAB /* TodoDetailsRouter.swift */,
			);
			path = Router;
			sourceTree = "<group>";
		};
/* End PBXGroup section */

/* Begin PBXNativeTarget section */
		5F8672482F3DEB0F0039BB09 /* EffectiveMobile_TodoList */ = {
			isa = PBXNativeTarget;
			buildConfigurationList = 5F86725C2F3DEB110039BB09 /* Build configuration list for PBXNativeTarget "EffectiveMobile_TodoList" */;
			buildPhases = (
				5F8672452F3DEB0F0039BB09 /* Sources */,
				5F8672462F3DEB0F0039BB09 /* Frameworks */,
				5F8672472F3DEB0F0039BB09 /* Resources */,
			);
			buildRules = (
			);
			dependencies = (
			);
			name = EffectiveMobile_TodoList;
			packageProductDependencies = (
			);
			productName = EffectiveMobile_TodoList;
			productReference = 5F8672492F3DEB0F0039BB09 /* EffectiveMobile_TodoList.app */;
			productType = "com.apple.product-type.application";
		};
		815AB4052F40D75100BAF3FB /* EffectiveMobile_TodoListTests */ = {
			isa = PBXNativeTarget;
			buildConfigurationList = 815AB40E2F40D75100BAF3FB /* Build configuration list for PBXNativeTarget "EffectiveMobile_TodoListTests" */;
			buildPhases = (
				815AB4022F40D75100BAF3FB /* Sources */,
				815AB4032F40D75100BAF3FB /* Frameworks */,
				815AB4042F40D75100BAF3FB /* Resources */,
			);
			buildRules = (
			);
			dependencies = (
				815AB40B2F40D75100BAF3FB /* PBXTargetDependency */,
			);
			fileSystemSynchronizedGroups = (
				815AB4072F40D75100BAF3FB /* EffectiveMobile_TodoListTests */,
			);
			name = EffectiveMobile_TodoListTests;
			packageProductDependencies = (
			);
			productName = EffectiveMobile_TodoListTests;
			productReference = 815AB4062F40D75100BAF3FB /* EffectiveMobile_TodoListTests.xctest */;
			productType = "com.apple.product-type.bundle.unit-test";
		};
/* End PBXNativeTarget section */

/* Begin PBXProject section */
		5F8672412F3DEB0F0039BB09 /* Project object */ = {
			isa = PBXProject;
			attributes = {
				BuildIndependentTargetsInParallel = 1;
				LastSwiftUpdateCheck = 2620;
				LastUpgradeCheck = 2620;
				TargetAttributes = {
					5F8672482F3DEB0F0039BB09 = {
						CreatedOnToolsVersion = 26.2;
					};
					815AB4052F40D75100BAF3FB = {
						CreatedOnToolsVersion = 26.2;
						TestTargetID = 5F8672482F3DEB0F0039BB09;
					};
				};
			};
			buildConfigurationList = 5F8672442F3DEB0F0039BB09 /* Build configuration list for PBXProject "EffectiveMobile_TodoList" */;
			developmentRegion = en;
			hasScannedForEncodings = 0;
			knownRegions = (
				en,
				Base,
			);
			mainGroup = 5F8672402F3DEB0F0039BB09;
			minimizedProjectReferenceProxies = 1;
			preferredProjectObjectVersion = 77;
			productRefGroup = 5F86724A2F3DEB0F0039BB09 /* Products */;
			projectDirPath = "";
			projectRoot = "";
			targets = (
				5F8672482F3DEB0F0039BB09 /* EffectiveMobile_TodoList */,
				815AB4052F40D75100BAF3FB /* EffectiveMobile_TodoListTests */,
			);
		};
/* End PBXProject section */

/* Begin PBXResourcesBuildPhase section */
		5F8672472F3DEB0F0039BB09 /* Resources */ = {
			isa = PBXResourcesBuildPhase;
			buildActionMask = 2147483647;
			files = (
				5F86726A2F3E08A80039BB09 /* Assets.xcassets in Resources */,
				5F86726C2F3E08A80039BB09 /* LaunchScreen.storyboard in Resources */,
			);
			runOnlyForDeploymentPostprocessing = 0;
		};
		815AB4042F40D75100BAF3FB /* Resources */ = {
			isa = PBXResourcesBuildPhase;
			buildActionMask = 2147483647;
			files = (
			);
			runOnlyForDeploymentPostprocessing = 0;
		};
/* End PBXResourcesBuildPhase section */

/* Begin PBXSourcesBuildPhase section */
		5F8672452F3DEB0F0039BB09 /* Sources */ = {
			isa = PBXSourcesBuildPhase;
			buildActionMask = 2147483647;
			files = (
				5F86728A2F3E21C20039BB09 /* TodoRepositoryProtocol.swift in Sources */,
				5F8672882F3E1D9B0039BB09 /* NetworkService.swift in Sources */,
				814C938B2F3EA4AA00C032FE /* TodoListViewController.swift in Sources */,
				814C93A52F3F730800C032FE /* TodoDetailsInteractor.swift in Sources */,
				5F8672802F3E16310039BB09 /* Todo.swift in Sources */,
				814C938D2F3EA4CE00C032FE /* TodoListProtocols.swift in Sources */,
				814C93A12F3F72C700C032FE /* TodoDetailsProtocols.swift in Sources */,
				814C93A72F3F731A00C032FE /* TodoDetailsPresenter.swift in Sources */,
				814C93982F3EA55200C032FE /* TodoListRouter.swift in Sources */,
				814C939A2F3F5B2200C032FE /* TodoCell.swift in Sources */,
				5F8672822F3E164C0039BB09 /* TodoDTO.swift in Sources */,
				5F86728C2F3E23D30039BB09 /* TodoRepository.swift in Sources */,
				816AEDC82F3F80DA00C9FFAB /* TodoDetailsRouter.swift in Sources */,
				816AEDC62F3F7D9300C9FFAB /* TodoDetailsViewController.swift in Sources */,
				5F8672682F3E08A80039BB09 /* AppDelegate.swift in Sources */,
				814C93A32F3F72F300C032FE /* TodoDetailsModuleBuilder.swift in Sources */,
				5F86727A2F3E0F660039BB09 /* TodoModel.xcdatamodeld in Sources */,
				814C93962F3EA54500C032FE /* TodoListInteractor.swift in Sources */,
				5F8672862F3E1D780039BB09 /* NetworkServiceProtocol.swift in Sources */,
				814C938F2F3EA4DF00C032FE /* TodoListModuleBuilder.swift in Sources */,
				814C93942F3EA53500C032FE /* TodoListPresenter.swift in Sources */,
				5F8672692F3E08A80039BB09 /* SceneDelegate.swift in Sources */,
				5F8672842F3E17170039BB09 /* TodoMapper.swift in Sources */,
				5F86727C2F3E0FCD0039BB09 /* CoreDataStack.swift in Sources */,
			);
			runOnlyForDeploymentPostprocessing = 0;
		};
		815AB4022F40D75100BAF3FB /* Sources */ = {
			isa = PBXSourcesBuildPhase;
			buildActionMask = 2147483647;
			files = (
			);
			runOnlyForDeploymentPostprocessing = 0;
		};
/* End PBXSourcesBuildPhase section */

/* Begin PBXTargetDependency section */
		815AB40B2F40D75100BAF3FB /* PBXTargetDependency */ = {
			isa = PBXTargetDependency;
			target = 5F8672482F3DEB0F0039BB09 /* EffectiveMobile_TodoList */;
			targetProxy = 815AB40A2F40D75100BAF3FB /* PBXContainerItemProxy */;
		};
/* End PBXTargetDependency section */

/* Begin PBXVariantGroup section */
		5F8672652F3E08A80039BB09 /* LaunchScreen.storyboard */ = {
			isa = PBXVariantGroup;
			children = (
				5F8672672F3E08A80039BB09 /* Base */,
			);
			name = LaunchScreen.storyboard;
			sourceTree = "<group>";
		};
/* End PBXVariantGroup section */

/* Begin XCBuildConfiguration section */
		5F86725D2F3DEB110039BB09 /* Debug */ = {
			isa = XCBuildConfiguration;
			buildSettings = {
				ASSETCATALOG_COMPILER_APPICON_NAME = AppIcon;
				ASSETCATALOG_COMPILER_GLOBAL_ACCENT_COLOR_NAME = AccentColor;
				CODE_SIGN_STYLE = Automatic;
				CURRENT_PROJECT_VERSION = 1;
				DEVELOPMENT_TEAM = M6P36UUCJC;
				GENERATE_INFOPLIST_FILE = YES;
				INFOPLIST_FILE = Resources/Info.plist;
				INFOPLIST_KEY_UIApplicationSupportsIndirectInputEvents = YES;
				INFOPLIST_KEY_UILaunchStoryboardName = LaunchScreen;
				INFOPLIST_KEY_UISupportedInterfaceOrientations = UIInterfaceOrientationPortrait;
				INFOPLIST_KEY_UISupportedInterfaceOrientations_iPad = "UIInterfaceOrientationLandscapeLeft UIInterfaceOrientationLandscapeRight UIInterfaceOrientationPortrait UIInterfaceOrientationPortraitUpsideDown";
				IPHONEOS_DEPLOYMENT_TARGET = 15.0;
				LD_RUNPATH_SEARCH_PATHS = (
					"$(inherited)",
					"@executable_path/Frameworks",
				);
				MARKETING_VERSION = 1.0;
				PRODUCT_BUNDLE_IDENTIFIER = "MikhailEgorov.EffectiveMobile-TodoList";
				PRODUCT_NAME = "$(TARGET_NAME)";
				STRING_CATALOG_GENERATE_SYMBOLS = YES;
				SUPPORTED_PLATFORMS = "iphoneos iphonesimulator";
				SUPPORTS_MACCATALYST = NO;
				SUPPORTS_MAC_DESIGNED_FOR_IPHONE_IPAD = NO;
				SUPPORTS_XR_DESIGNED_FOR_IPHONE_IPAD = NO;
				SWIFT_APPROACHABLE_CONCURRENCY = YES;
				SWIFT_DEFAULT_ACTOR_ISOLATION = MainActor;
				SWIFT_EMIT_LOC_STRINGS = YES;
				SWIFT_UPCOMING_FEATURE_MEMBER_IMPORT_VISIBILITY = YES;
				SWIFT_VERSION = 5.0;
				TARGETED_DEVICE_FAMILY = "1,2";
			};
			name = Debug;
		};
		5F86725E2F3DEB110039BB09 /* Release */ = {
			isa = XCBuildConfiguration;
			buildSettings = {
				ASSETCATALOG_COMPILER_APPICON_NAME = AppIcon;
				ASSETCATALOG_COMPILER_GLOBAL_ACCENT_COLOR_NAME = AccentColor;
				CODE_SIGN_STYLE = Automatic;
				CURRENT_PROJECT_VERSION = 1;
				DEVELOPMENT_TEAM = M6P36UUCJC;
				GENERATE_INFOPLIST_FILE = YES;
				INFOPLIST_FILE = Resources/Info.plist;
				INFOPLIST_KEY_UIApplicationSupportsIndirectInputEvents = YES;
				INFOPLIST_KEY_UILaunchStoryboardName = LaunchScreen;
				INFOPLIST_KEY_UISupportedInterfaceOrientations = UIInterfaceOrientationPortrait;
				INFOPLIST_KEY_UISupportedInterfaceOrientations_iPad = "UIInterfaceOrientationLandscapeLeft UIInterfaceOrientationLandscapeRight UIInterfaceOrientationPortrait UIInterfaceOrientationPortraitUpsideDown";
				IPHONEOS_DEPLOYMENT_TARGET = 15.0;
				LD_RUNPATH_SEARCH_PATHS = (
					"$(inherited)",
					"@executable_path/Frameworks",
				);
				MARKETING_VERSION = 1.0;
				PRODUCT_BUNDLE_IDENTIFIER = "MikhailEgorov.EffectiveMobile-TodoList";
				PRODUCT_NAME = "$(TARGET_NAME)";
				STRING_CATALOG_GENERATE_SYMBOLS = YES;
				SUPPORTED_PLATFORMS = "iphoneos iphonesimulator";
				SUPPORTS_MACCATALYST = NO;
				SUPPORTS_MAC_DESIGNED_FOR_IPHONE_IPAD = NO;
				SUPPORTS_XR_DESIGNED_FOR_IPHONE_IPAD = NO;
				SWIFT_APPROACHABLE_CONCURRENCY = YES;
				SWIFT_DEFAULT_ACTOR_ISOLATION = MainActor;
				SWIFT_EMIT_LOC_STRINGS = YES;
				SWIFT_UPCOMING_FEATURE_MEMBER_IMPORT_VISIBILITY = YES;
				SWIFT_VERSION = 5.0;
				TARGETED_DEVICE_FAMILY = "1,2";
			};
			name = Release;
		};
		5F86725F2F3DEB110039BB09 /* Debug */ = {
			isa = XCBuildConfiguration;
			buildSettings = {
				ALWAYS_SEARCH_USER_PATHS = NO;
				ASSETCATALOG_COMPILER_GENERATE_SWIFT_ASSET_SYMBOL_EXTENSIONS = YES;
				CLANG_ANALYZER_NONNULL = YES;
				CLANG_ANALYZER_NUMBER_OBJECT_CONVERSION = YES_AGGRESSIVE;
				CLANG_CXX_LANGUAGE_STANDARD = "gnu++20";
				CLANG_ENABLE_MODULES = YES;
				CLANG_ENABLE_OBJC_ARC = YES;
				CLANG_ENABLE_OBJC_WEAK = YES;
				CLANG_WARN_BLOCK_CAPTURE_AUTORELEASING = YES;
				CLANG_WARN_BOOL_CONVERSION = YES;
				CLANG_WARN_COMMA = YES;
				CLANG_WARN_CONSTANT_CONVERSION = YES;
				CLANG_WARN_DEPRECATED_OBJC_IMPLEMENTATIONS = YES;
				CLANG_WARN_DIRECT_OBJC_ISA_USAGE = YES_ERROR;
				CLANG_WARN_DOCUMENTATION_COMMENTS = YES;
				CLANG_WARN_EMPTY_BODY = YES;
				CLANG_WARN_ENUM_CONVERSION = YES;
				CLANG_WARN_INFINITE_RECURSION = YES;
				CLANG_WARN_INT_CONVERSION = YES;
				CLANG_WARN_NON_LITERAL_NULL_CONVERSION = YES;
				CLANG_WARN_OBJC_IMPLICIT_RETAIN_SELF = YES;
				CLANG_WARN_OBJC_LITERAL_CONVERSION = YES;
				CLANG_WARN_OBJC_ROOT_CLASS = YES_ERROR;
				CLANG_WARN_QUOTED_INCLUDE_IN_FRAMEWORK_HEADER = YES;
				CLANG_WARN_RANGE_LOOP_ANALYSIS = YES;
				CLANG_WARN_STRICT_PROTOTYPES = YES;
				CLANG_WARN_SUSPICIOUS_MOVE = YES;
				CLANG_WARN_UNGUARDED_AVAILABILITY = YES_AGGRESSIVE;
				CLANG_WARN_UNREACHABLE_CODE = YES;
				CLANG_WARN__DUPLICATE_METHOD_MATCH = YES;
				COPY_PHASE_STRIP = NO;
				DEBUG_INFORMATION_FORMAT = dwarf;
				DEVELOPMENT_TEAM = M6P36UUCJC;
				ENABLE_STRICT_OBJC_MSGSEND = YES;
				ENABLE_TESTABILITY = YES;
				ENABLE_USER_SCRIPT_SANDBOXING = YES;
				GCC_C_LANGUAGE_STANDARD = gnu17;
				GCC_DYNAMIC_NO_PIC = NO;
				GCC_NO_COMMON_BLOCKS = YES;
				GCC_OPTIMIZATION_LEVEL = 0;
				GCC_PREPROCESSOR_DEFINITIONS = (
					"DEBUG=1",
					"$(inherited)",
				);
				GCC_WARN_64_TO_32_BIT_CONVERSION = YES;
				GCC_WARN_ABOUT_RETURN_TYPE = YES_ERROR;
				GCC_WARN_UNDECLARED_SELECTOR = YES;
				GCC_WARN_UNINITIALIZED_AUTOS = YES_AGGRESSIVE;
				GCC_WARN_UNUSED_FUNCTION = YES;
				GCC_WARN_UNUSED_VARIABLE = YES;
				IPHONEOS_DEPLOYMENT_TARGET = 26.2;
				LOCALIZATION_PREFERS_STRING_CATALOGS = YES;
				MTL_ENABLE_DEBUG_INFO = INCLUDE_SOURCE;
				MTL_FAST_MATH = YES;
				ONLY_ACTIVE_ARCH = YES;
				SDKROOT = iphoneos;
				SWIFT_ACTIVE_COMPILATION_CONDITIONS = "DEBUG $(inherited)";
				SWIFT_OPTIMIZATION_LEVEL = "-Onone";
			};
			name = Debug;
		};
		5F8672602F3DEB110039BB09 /* Release */ = {
			isa = XCBuildConfiguration;
			buildSettings = {
				ALWAYS_SEARCH_USER_PATHS = NO;
				ASSETCATALOG_COMPILER_GENERATE_SWIFT_ASSET_SYMBOL_EXTENSIONS = YES;
				CLANG_ANALYZER_NONNULL = YES;
				CLANG_ANALYZER_NUMBER_OBJECT_CONVERSION = YES_AGGRESSIVE;
				CLANG_CXX_LANGUAGE_STANDARD = "gnu++20";
				CLANG_ENABLE_MODULES = YES;
				CLANG_ENABLE_OBJC_ARC = YES;
				CLANG_ENABLE_OBJC_WEAK = YES;
				CLANG_WARN_BLOCK_CAPTURE_AUTORELEASING = YES;
				CLANG_WARN_BOOL_CONVERSION = YES;
				CLANG_WARN_COMMA = YES;
				CLANG_WARN_CONSTANT_CONVERSION = YES;
				CLANG_WARN_DEPRECATED_OBJC_IMPLEMENTATIONS = YES;
				CLANG_WARN_DIRECT_OBJC_ISA_USAGE = YES_ERROR;
				CLANG_WARN_DOCUMENTATION_COMMENTS = YES;
				CLANG_WARN_EMPTY_BODY = YES;
				CLANG_WARN_ENUM_CONVERSION = YES;
				CLANG_WARN_INFINITE_RECURSION = YES;
				CLANG_WARN_INT_CONVERSION = YES;
				CLANG_WARN_NON_LITERAL_NULL_CONVERSION = YES;
				CLANG_WARN_OBJC_IMPLICIT_RETAIN_SELF = YES;
				CLANG_WARN_OBJC_LITERAL_CONVERSION = YES;
				CLANG_WARN_OBJC_ROOT_CLASS = YES_ERROR;
				CLANG_WARN_QUOTED_INCLUDE_IN_FRAMEWORK_HEADER = YES;
				CLANG_WARN_RANGE_LOOP_ANALYSIS = YES;
				CLANG_WARN_STRICT_PROTOTYPES = YES;
				CLANG_WARN_SUSPICIOUS_MOVE = YES;
				CLANG_WARN_UNGUARDED_AVAILABILITY = YES_AGGRESSIVE;
				CLANG_WARN_UNREACHABLE_CODE = YES;
				CLANG_WARN__DUPLICATE_METHOD_MATCH = YES;
				COPY_PHASE_STRIP = NO;
				DEBUG_INFORMATION_FORMAT = "dwarf-with-dsym";
				DEVELOPMENT_TEAM = M6P36UUCJC;
				ENABLE_NS_ASSERTIONS = NO;
				ENABLE_STRICT_OBJC_MSGSEND = YES;
				ENABLE_USER_SCRIPT_SANDBOXING = YES;
				GCC_C_LANGUAGE_STANDARD = gnu17;
				GCC_NO_COMMON_BLOCKS = YES;
				GCC_WARN_64_TO_32_BIT_CONVERSION = YES;
				GCC_WARN_ABOUT_RETURN_TYPE = YES_ERROR;
				GCC_WARN_UNDECLARED_SELECTOR = YES;
				GCC_WARN_UNINITIALIZED_AUTOS = YES_AGGRESSIVE;
				GCC_WARN_UNUSED_FUNCTION = YES;
				GCC_WARN_UNUSED_VARIABLE = YES;
				IPHONEOS_DEPLOYMENT_TARGET = 26.2;
				LOCALIZATION_PREFERS_STRING_CATALOGS = YES;
				MTL_ENABLE_DEBUG_INFO = NO;
				MTL_FAST_MATH = YES;
				SDKROOT = iphoneos;
				SWIFT_COMPILATION_MODE = wholemodule;
				VALIDATE_PRODUCT = YES;
			};
			name = Release;
		};
		815AB40C2F40D75100BAF3FB /* Debug */ = {
			isa = XCBuildConfiguration;
			buildSettings = {
				BUNDLE_LOADER = "$(TEST_HOST)";
				CODE_SIGN_STYLE = Automatic;
				CURRENT_PROJECT_VERSION = 1;
				DEVELOPMENT_TEAM = M6P36UUCJC;
				GENERATE_INFOPLIST_FILE = YES;
				IPHONEOS_DEPLOYMENT_TARGET = 15.0;
				MARKETING_VERSION = 1.0;
				PRODUCT_BUNDLE_IDENTIFIER = "MikhailEgorov.EffectiveMobile-TodoListTests";
				PRODUCT_NAME = "$(TARGET_NAME)";
				STRING_CATALOG_GENERATE_SYMBOLS = NO;
				SUPPORTED_PLATFORMS = "iphoneos iphonesimulator";
				SUPPORTS_MACCATALYST = NO;
				SUPPORTS_MAC_DESIGNED_FOR_IPHONE_IPAD = NO;
				SUPPORTS_XR_DESIGNED_FOR_IPHONE_IPAD = NO;
				SWIFT_APPROACHABLE_CONCURRENCY = YES;
				SWIFT_EMIT_LOC_STRINGS = NO;
				SWIFT_UPCOMING_FEATURE_MEMBER_IMPORT_VISIBILITY = YES;
				SWIFT_VERSION = 5.0;
				TARGETED_DEVICE_FAMILY = "1,2";
				TEST_HOST = "$(BUILT_PRODUCTS_DIR)/EffectiveMobile_TodoList.app/$(BUNDLE_EXECUTABLE_FOLDER_PATH)/EffectiveMobile_TodoList";
			};
			name = Debug;
		};
		815AB40D2F40D75100BAF3FB /* Release */ = {
			isa = XCBuildConfiguration;
			buildSettings = {
				BUNDLE_LOADER = "$(TEST_HOST)";
				CODE_SIGN_STYLE = Automatic;
				CURRENT_PROJECT_VERSION = 1;
				DEVELOPMENT_TEAM = M6P36UUCJC;
				GENERATE_INFOPLIST_FILE = YES;
				IPHONEOS_DEPLOYMENT_TARGET = 15.0;
				MARKETING_VERSION = 1.0;
				PRODUCT_BUNDLE_IDENTIFIER = "MikhailEgorov.EffectiveMobile-TodoListTests";
				PRODUCT_NAME = "$(TARGET_NAME)";
				STRING_CATALOG_GENERATE_SYMBOLS = NO;
				SUPPORTED_PLATFORMS = "iphoneos iphonesimulator";
				SUPPORTS_MACCATALYST = NO;
				SUPPORTS_MAC_DESIGNED_FOR_IPHONE_IPAD = NO;
				SUPPORTS_XR_DESIGNED_FOR_IPHONE_IPAD = NO;
				SWIFT_APPROACHABLE_CONCURRENCY = YES;
				SWIFT_EMIT_LOC_STRINGS = NO;
				SWIFT_UPCOMING_FEATURE_MEMBER_IMPORT_VISIBILITY = YES;
				SWIFT_VERSION = 5.0;
				TARGETED_DEVICE_FAMILY = "1,2";
				TEST_HOST = "$(BUILT_PRODUCTS_DIR)/EffectiveMobile_TodoList.app/$(BUNDLE_EXECUTABLE_FOLDER_PATH)/EffectiveMobile_TodoList";
			};
			name = Release;
		};
/* End XCBuildConfiguration section */

/* Begin XCConfigurationList section */
		5F8672442F3DEB0F0039BB09 /* Build configuration list for PBXProject "EffectiveMobile_TodoList" */ = {
			isa = XCConfigurationList;
			buildConfigurations = (
				5F86725F2F3DEB110039BB09 /* Debug */,
				5F8672602F3DEB110039BB09 /* Release */,
			);
			defaultConfigurationIsVisible = 0;
			defaultConfigurationName = Release;
		};
		5F86725C2F3DEB110039BB09 /* Build configuration list for PBXNativeTarget "EffectiveMobile_TodoList" */ = {
			isa = XCConfigurationList;
			buildConfigurations = (
				5F86725D2F3DEB110039BB09 /* Debug */,
				5F86725E2F3DEB110039BB09 /* Release */,
			);
			defaultConfigurationIsVisible = 0;
			defaultConfigurationName = Release;
		};
		815AB40E2F40D75100BAF3FB /* Build configuration list for PBXNativeTarget "EffectiveMobile_TodoListTests" */ = {
			isa = XCConfigurationList;
			buildConfigurations = (
				815AB40C2F40D75100BAF3FB /* Debug */,
				815AB40D2F40D75100BAF3FB /* Release */,
			);
			defaultConfigurationIsVisible = 0;
			defaultConfigurationName = Release;
		};
/* End XCConfigurationList section */

/* Begin XCVersionGroup section */
		5F8672782F3E0F660039BB09 /* TodoModel.xcdatamodeld */ = {
			isa = XCVersionGroup;
			children = (
				5F8672792F3E0F660039BB09 /* TodoModel.xcdatamodel */,
			);
			currentVersion = 5F8672792F3E0F660039BB09 /* TodoModel.xcdatamodel */;
			path = TodoModel.xcdatamodeld;
			sourceTree = "<group>";
			versionGroupType = wrapper.xcdatamodel;
		};
/* End XCVersionGroup section */
	};
	rootObject = 5F8672412F3DEB0F0039BB09 /* Project object */;
}
